
Microsoft Visual Studio Solution File, Format Version 12.00
# Visual Studio 15
VisualStudioVersion = 15.0.28307.1000
MinimumVisualStudioVersion = 10.0.40219.1
Project("{FAE04EC0-301F-11D3-BF4B-00C04F79EFBC}") = "Robber 2D", "Robber 2D\Robber 2D.csproj", "{99C43126-BEA6-4F1F-BFDE-36581F349F92}"
EndProject
Global
	GlobalSection(SolutionConfigurationPlatforms) = preSolution
		Debug|x86 = Debug|x86
		Release|x86 = Release|x86
	EndGlobalSection
	GlobalSection(ProjectConfigurationPlatforms) = postSolution
		{99C43126-BEA6-4F1F-BFDE-36581F349F92}.Debug|x86.ActiveCfg = Debug|x86
		{99C43126-BEA6-4F1F-BFDE-36581F349F92}.Debug|x86.Build.0 = Debug|x86
		{99C43126-BEA6-4F1F-BFDE-36581F349F92}.Release|x86.ActiveCfg = Release|x86
		{99C43126-BEA6-4F1F-BFDE-36581F349F92}.Release|x86.Build.0 = Release|x86
	EndGlobalSection
	GlobalSection(SolutionProperties) = preSolution
		HideSolutionNode = FALSE
	EndGlobalSection
	GlobalSection(ExtensibilityGlobals) = postSolution
		SolutionGuid = {D7916B7F-4199-4CB5-9C33-2EEA2EFD3584}
	EndGlobalSection
EndGlobal
